#MicroXplorer Configuration settings - do not modify
Mcu.Family=STM32F1
ProjectManager.MainLocation=Core/Src
RCC.MCOFreq_Value=8000000
RCC.PLL3VCOoutputFreqValue=80000000
ProjectManager.ProjectFileName=stm32f1-rtc.ioc
ProjectManager.KeepUserCode=true
Mcu.UserName=STM32F107VCTx
Mcu.PinsNb=5
ProjectManager.NoMain=false
RCC.Prediv2=RCC_HSE_PREDIV2_DIV5
RCC.PLLCLKFreq_Value=36000000
ProjectManager.functionlistsort=1-MX_GPIO_Init-GPIO-false-HAL-true,2-SystemClock_Config-RCC-false-HAL-false,3-MX_I2C1_Init-I2C1-false-HAL-true,4-MX_USART1_UART_Init-USART1-false-HAL-true
RCC.ADCFreqValue=4000000
ProjectManager.DefaultFWLocation=true
ProjectManager.DeletePrevious=true
RCC.APB1CLKDivider=RCC_HCLK_DIV2
PinOutPanel.RotationAngle=0
RCC.I2S3Freq_Value=8000000
RCC.FamilyName=M
ProjectManager.StackSize=0x400
PA13.Signal=SYS_JTMS-SWDIO
RCC.FCLKCortexFreq_Value=8000000
Mcu.IP2=RCC
NVIC.SVCall_IRQn=true\:0\:0\:false\:false\:true\:false\:false
Mcu.IP3=SYS
Mcu.IP0=I2C1
Mcu.IP1=NVIC
Mcu.UserConstants=
ProjectManager.TargetToolchain=STM32CubeIDE
Mcu.ThirdPartyNb=0
RCC.HCLKFreq_Value=8000000
Mcu.IPNb=4
ProjectManager.PreviousToolchain=
RCC.APB2TimFreq_Value=8000000
PB6.Signal=I2C1_SCL
PB6.Mode=I2C
ProjectManager.RegisterCallBack=
RCC.USBFreq_Value=24000000
RCC.AHBFreq_Value=8000000
Mcu.Pin0=PA13
Mcu.Pin1=PA14
GPIO.groupedBy=Group By Peripherals
Mcu.Pin2=PB6
Mcu.Pin3=PB7
Mcu.Pin4=VP_SYS_VS_Systick
ProjectManager.ProjectBuild=false
RCC.HSE_VALUE=25000000
NVIC.UsageFault_IRQn=true\:0\:0\:false\:false\:true\:false\:false
RCC.PLL3CLKoutputFreqValue=40000000
NVIC.DebugMonitor_IRQn=true\:0\:0\:false\:false\:true\:false\:false
board=custom
NVIC.SysTick_IRQn=true\:0\:0\:false\:false\:true\:false\:true
ProjectManager.LastFirmware=true
RCC.PLLMUL=RCC_PLL_MUL9
RCC.VCOOutput2Freq_Value=4000000
ProjectManager.FirmwarePackage=STM32Cube FW_F1 V1.8.4
MxDb.Version=DB.6.0.21
RCC.APB2Freq_Value=8000000
ProjectManager.BackupPrevious=false
MxCube.Version=6.2.1
PA14.Mode=Serial_Wire
File.Version=6
VP_SYS_VS_Systick.Mode=SysTick
PB7.Signal=I2C1_SDA
NVIC.NonMaskableInt_IRQn=true\:0\:0\:false\:false\:true\:false\:false
NVIC.PendSV_IRQn=true\:0\:0\:false\:false\:true\:false\:false
PA13.Mode=Serial_Wire
ProjectManager.FreePins=false
RCC.IPParameters=ADCFreqValue,AHBFreq_Value,APB1CLKDivider,APB1Freq_Value,APB1TimFreq_Value,APB2Freq_Value,APB2TimFreq_Value,FCLKCortexFreq_Value,FamilyName,HCLKFreq_Value,HSEDivPLL,HSE_VALUE,I2S2Freq_Value,I2S3Freq_Value,MCOFreq_Value,PLL2CLKoutputFreqValue,PLL2VCOoutputFreqValue,PLL3CLKoutputFreqValue,PLL3VCOoutputFreqValue,PLLCLKFreq_Value,PLLMUL,Prediv1Source,Prediv2,Prediv2FreqValue,SYSCLKFreq_VALUE,TimSysFreq_Value,USBFreq_Value,VCOOutput2Freq_Value
ProjectManager.AskForMigrate=true
Mcu.Name=STM32F107V(B-C)Tx
ProjectManager.HalAssertFull=false
ProjectManager.ProjectName=stm32f1-rtc
ProjectManager.UnderRoot=true
ProjectManager.CoupleFile=false
RCC.Prediv1Source=RCC_PREDIV1_SOURCE_PLL2
RCC.SYSCLKFreq_VALUE=8000000
Mcu.Package=LQFP100
RCC.TimSysFreq_Value=8000000
RCC.I2S2Freq_Value=8000000
NVIC.ForceEnableDMAVector=true
KeepUserPlacement=false
RCC.HSEDivPLL=RCC_HSE_PREDIV_DIV5
NVIC.MemoryManagement_IRQn=true\:0\:0\:false\:false\:true\:false\:false
ProjectManager.CompilerOptimize=6
ProjectManager.ToolChainLocation=
VP_SYS_VS_Systick.Signal=SYS_VS_Systick
PB7.Mode=I2C
PA14.Signal=SYS_JTCK-SWCLK
ProjectManager.HeapSize=0x200
NVIC.HardFault_IRQn=true\:0\:0\:false\:false\:true\:false\:false
RCC.PLL2CLKoutputFreqValue=40000000
ProjectManager.ComputerToolchain=false
NVIC.PriorityGroup=NVIC_PRIORITYGROUP_4
RCC.APB1TimFreq_Value=8000000
NVIC.BusFault_IRQn=true\:0\:0\:false\:false\:true\:false\:false
RCC.APB1Freq_Value=4000000
RCC.PLL2VCOoutputFreqValue=80000000
ProjectManager.CustomerFirmwarePackage=
ProjectManager.DeviceId=STM32F107VCTx
ProjectManager.LibraryCopy=1
RCC.Prediv2FreqValue=5000000
isbadioc=false
