#MicroXplorer Configuration settings - do not modify
Mcu.Family=STM32F1
ProjectManager.MainLocation=Core/Src
RCC.MCOFreq_Value=36000000
ProjectManager.ProjectFileName=stm32f1-adc-scan-mode.ioc
ADC1.Rank-0\#ChannelRegularConversion=1
ProjectManager.KeepUserCode=true
Mcu.UserName=STM32F107VCTx
Mcu.PinsNb=5
ADC1.ContinuousConvMode=ENABLE
ProjectManager.NoMain=false
ADC1.IPParameters=Rank-0\#ChannelRegularConversion,Channel-0\#ChannelRegularConversion,SamplingTime-0\#ChannelRegularConversion,NbrOfConversionFlag,ContinuousConvMode,NbrOfConversion,master,Rank-1\#ChannelRegularConversion,Channel-1\#ChannelRegularConversion,SamplingTime-1\#ChannelRegularConversion
RCC.PLLCLKFreq_Value=36000000
ProjectManager.functionlistsort=1-MX_GPIO_Init-GPIO-false-HAL-true,2-SystemClock_Config-RCC-false-HAL-false,3-MX_ADC1_Init-ADC1-false-HAL-true
RCC.ADCFreqValue=9000000
ProjectManager.DefaultFWLocation=true
ProjectManager.DeletePrevious=true
PC0.Signal=ADCx_IN10
PC1.Locked=true
PinOutPanel.RotationAngle=0
RCC.I2S3Freq_Value=36000000
RCC.FamilyName=M
RCC.SYSCLKSource=RCC_SYSCLKSOURCE_PLLCLK
ProjectManager.StackSize=0x400
RCC.ADCPresc=RCC_ADCPCLK2_DIV4
PA13.Signal=SYS_JTMS-SWDIO
RCC.FCLKCortexFreq_Value=36000000
Mcu.IP2=RCC
NVIC.SVCall_IRQn=true\:0\:0\:false\:false\:true\:false\:false
Mcu.IP3=SYS
Mcu.IP0=ADC1
Mcu.IP1=NVIC
Mcu.UserConstants=
ProjectManager.TargetToolchain=STM32CubeIDE
Mcu.ThirdPartyNb=0
RCC.HCLKFreq_Value=36000000
Mcu.IPNb=4
ProjectManager.PreviousToolchain=
RCC.APB2TimFreq_Value=36000000
ADC1.Channel-1\#ChannelRegularConversion=ADC_CHANNEL_11
ProjectManager.RegisterCallBack=
RCC.USBFreq_Value=24000000
RCC.AHBFreq_Value=36000000
Mcu.Pin0=PC0
Mcu.Pin1=PC1
Mcu.Pin2=PA13
Mcu.Pin3=PA14
Mcu.Pin4=VP_SYS_VS_Systick
ADC1.Channel-0\#ChannelRegularConversion=ADC_CHANNEL_10
ProjectManager.ProjectBuild=false
NVIC.UsageFault_IRQn=true\:0\:0\:false\:false\:true\:false\:false
NVIC.DebugMonitor_IRQn=true\:0\:0\:false\:false\:true\:false\:false
board=custom
NVIC.SysTick_IRQn=true\:0\:0\:false\:false\:true\:false\:true
ProjectManager.LastFirmware=true
RCC.PLLMUL=RCC_PLL_MUL9
ProjectManager.FirmwarePackage=STM32Cube FW_F1 V1.8.4
MxDb.Version=DB.6.0.21
RCC.APB2Freq_Value=36000000
SH.ADCx_IN11.0=ADC1_IN11,IN11
ProjectManager.BackupPrevious=false
MxCube.Version=6.2.1
PA14.Mode=Serial_Wire
SH.ADCx_IN10.ConfNb=1
File.Version=6
VP_SYS_VS_Systick.Mode=SysTick
SH.ADCx_IN11.ConfNb=1
NVIC.NonMaskableInt_IRQn=true\:0\:0\:false\:false\:true\:false\:false
NVIC.PendSV_IRQn=true\:0\:0\:false\:false\:true\:false\:false
ADC1.NbrOfConversion=2
PA13.Mode=Serial_Wire
ProjectManager.FreePins=false
RCC.IPParameters=ADCFreqValue,ADCPresc,AHBFreq_Value,APB1Freq_Value,APB1TimFreq_Value,APB2Freq_Value,APB2TimFreq_Value,FCLKCortexFreq_Value,FamilyName,HCLKFreq_Value,I2S2Freq_Value,I2S3Freq_Value,MCOFreq_Value,PLLCLKFreq_Value,PLLMUL,SYSCLKFreq_VALUE,SYSCLKSource,TimSysFreq_Value,USBFreq_Value
ProjectManager.AskForMigrate=true
Mcu.Name=STM32F107V(B-C)Tx
ProjectManager.HalAssertFull=false
ADC1.SamplingTime-0\#ChannelRegularConversion=ADC_SAMPLETIME_1CYCLE_5
ProjectManager.ProjectName=stm32f1-adc-scan-mode
ProjectManager.UnderRoot=true
ProjectManager.CoupleFile=false
ADC1.SamplingTime-1\#ChannelRegularConversion=ADC_SAMPLETIME_1CYCLE_5
RCC.SYSCLKFreq_VALUE=36000000
Mcu.Package=LQFP100
RCC.TimSysFreq_Value=36000000
ADC1.master=1
RCC.I2S2Freq_Value=36000000
NVIC.ForceEnableDMAVector=true
KeepUserPlacement=false
NVIC.MemoryManagement_IRQn=true\:0\:0\:false\:false\:true\:false\:false
ProjectManager.CompilerOptimize=6
ADC1.Rank-1\#ChannelRegularConversion=2
ProjectManager.ToolChainLocation=
VP_SYS_VS_Systick.Signal=SYS_VS_Systick
PA14.Signal=SYS_JTCK-SWCLK
SH.ADCx_IN10.0=ADC1_IN10,IN10
ProjectManager.HeapSize=0x200
NVIC.HardFault_IRQn=true\:0\:0\:false\:false\:true\:false\:false
ProjectManager.ComputerToolchain=false
NVIC.PriorityGroup=NVIC_PRIORITYGROUP_4
ADC1.NbrOfConversionFlag=1
RCC.APB1TimFreq_Value=36000000
NVIC.BusFault_IRQn=true\:0\:0\:false\:false\:true\:false\:false
RCC.APB1Freq_Value=36000000
ProjectManager.CustomerFirmwarePackage=
PC0.Locked=true
ProjectManager.DeviceId=STM32F107VCTx
PC1.Signal=ADCx_IN11
ProjectManager.LibraryCopy=1
isbadioc=false
