#MicroXplorer Configuration settings - do not modify
Mcu.Family=STM32F1
NVIC.SysTick_IRQn=true\:0\:0\:false\:false\:true\:false\:true
ProjectManager.LastFirmware=true
RCC.PLLMUL=RCC_PLL_MUL9
ProjectManager.MainLocation=Core/Src
RCC.MCOFreq_Value=36000000
ProjectManager.FirmwarePackage=STM32Cube FW_F1 V1.8.4
MxDb.Version=DB.6.0.21
ProjectManager.ProjectFileName=stm32f1-uart.ioc
RCC.APB2Freq_Value=36000000
ProjectManager.BackupPrevious=false
MxCube.Version=6.2.1
ProjectManager.KeepUserCode=true
PA10.Mode=Asynchronous
Mcu.UserName=STM32F107VCTx
PA14.Mode=Serial_Wire
Mcu.PinsNb=5
ProjectManager.NoMain=false
File.Version=6
VP_SYS_VS_Systick.Mode=SysTick
RCC.PLLCLKFreq_Value=36000000
NVIC.NonMaskableInt_IRQn=true\:0\:0\:false\:false\:true\:false\:false
NVIC.PendSV_IRQn=true\:0\:0\:false\:false\:true\:false\:false
ProjectManager.functionlistsort=1-MX_GPIO_Init-GPIO-false-HAL-true,2-SystemClock_Config-RCC-false-HAL-false,3-MX_USART2_UART_Init-USART2-false-HAL-true,4-MX_USART1_UART_Init-USART1-false-HAL-true
PA13.Mode=Serial_Wire
ProjectManager.FreePins=false
RCC.ADCFreqValue=18000000
RCC.IPParameters=ADCFreqValue,AHBFreq_Value,APB1Freq_Value,APB1TimFreq_Value,APB2Freq_Value,APB2TimFreq_Value,FCLKCortexFreq_Value,FamilyName,HCLKFreq_Value,I2S2Freq_Value,I2S3Freq_Value,MCOFreq_Value,PLLCLKFreq_Value,PLLMUL,SYSCLKFreq_VALUE,SYSCLKSource,TimSysFreq_Value,USBFreq_Value
ProjectManager.DefaultFWLocation=true
ProjectManager.AskForMigrate=true
Mcu.Name=STM32F107V(B-C)Tx
ProjectManager.HalAssertFull=false
ProjectManager.DeletePrevious=true
ProjectManager.ProjectName=stm32f1-uart
ProjectManager.UnderRoot=true
USART1.IPParameters=VirtualMode
ProjectManager.CoupleFile=false
RCC.SYSCLKFreq_VALUE=36000000
PinOutPanel.RotationAngle=0
Mcu.Package=LQFP100
RCC.FamilyName=M
RCC.I2S3Freq_Value=36000000
RCC.TimSysFreq_Value=36000000
RCC.SYSCLKSource=RCC_SYSCLKSOURCE_PLLCLK
ProjectManager.StackSize=0x400
RCC.I2S2Freq_Value=36000000
NVIC.ForceEnableDMAVector=true
KeepUserPlacement=false
PA13.Signal=SYS_JTMS-SWDIO
NVIC.MemoryManagement_IRQn=true\:0\:0\:false\:false\:true\:false\:false
RCC.FCLKCortexFreq_Value=36000000
USART1.VirtualMode=VM_ASYNC
ProjectManager.CompilerOptimize=6
NVIC.SVCall_IRQn=true\:0\:0\:false\:false\:true\:false\:false
Mcu.IP2=SYS
ProjectManager.ToolChainLocation=
Mcu.IP3=USART1
VP_SYS_VS_Systick.Signal=SYS_VS_Systick
Mcu.IP0=NVIC
PA9.Mode=Asynchronous
Mcu.IP1=RCC
PA10.Signal=USART1_RX
PA14.Signal=SYS_JTCK-SWCLK
ProjectManager.HeapSize=0x200
NVIC.HardFault_IRQn=true\:0\:0\:false\:false\:true\:false\:false
Mcu.UserConstants=
ProjectManager.TargetToolchain=STM32CubeIDE
ProjectManager.ComputerToolchain=false
Mcu.ThirdPartyNb=0
NVIC.PriorityGroup=NVIC_PRIORITYGROUP_4
RCC.HCLKFreq_Value=36000000
Mcu.IPNb=4
ProjectManager.PreviousToolchain=
RCC.APB2TimFreq_Value=36000000
PA9.Signal=USART1_TX
RCC.APB1TimFreq_Value=36000000
NVIC.BusFault_IRQn=true\:0\:0\:false\:false\:true\:false\:false
ProjectManager.RegisterCallBack=
RCC.USBFreq_Value=24000000
NVIC.USART1_IRQn=true\:0\:0\:false\:false\:true\:true\:true
RCC.APB1Freq_Value=36000000
RCC.AHBFreq_Value=36000000
Mcu.Pin0=PA9
Mcu.Pin1=PA10
GPIO.groupedBy=Group By Peripherals
Mcu.Pin2=PA13
ProjectManager.CustomerFirmwarePackage=
Mcu.Pin3=PA14
ProjectManager.DeviceId=STM32F107VCTx
Mcu.Pin4=VP_SYS_VS_Systick
ProjectManager.LibraryCopy=1
ProjectManager.ProjectBuild=false
NVIC.UsageFault_IRQn=true\:0\:0\:false\:false\:true\:false\:false
NVIC.DebugMonitor_IRQn=true\:0\:0\:false\:false\:true\:false\:false
board=custom
isbadioc=false
